
Microsoft Visual Studio Solution File, Format Version 12.00
Project("{FAE04EC0-301F-11D3-BF4B-00C04F79EFBC}") = "BookishProj", "BookishProj\BookishProj.csproj", "{083D4FD4-D96F-4474-98CB-9F5E0B70B6A6}"
EndProject
Project("{FAE04EC0-301F-11D3-BF4B-00C04F79EFBC}") = "Bookish.DataAccess", "Bookish.DataAccess\Bookish.DataAccess.csproj", "{452EB53F-1CC6-4B80-9C11-5589ED763B25}"
EndProject
Project("{FAE04EC0-301F-11D3-BF4B-00C04F79EFBC}") = "Bookish.Web", "Bookish.Web\Bookish.Web.csproj", "{5745A13B-82D3-4D66-BD5C-1AC1A0C7DB37}"
EndProject
Global
	GlobalSection(SolutionConfigurationPlatforms) = preSolution
		Debug|Any CPU = Debug|Any CPU
		Release|Any CPU = Release|Any CPU
	EndGlobalSection
	GlobalSection(ProjectConfigurationPlatforms) = postSolution
		{083D4FD4-D96F-4474-98CB-9F5E0B70B6A6}.Debug|Any CPU.ActiveCfg = Debug|Any CPU
		{083D4FD4-D96F-4474-98CB-9F5E0B70B6A6}.Debug|Any CPU.Build.0 = Debug|Any CPU
		{083D4FD4-D96F-4474-98CB-9F5E0B70B6A6}.Release|Any CPU.ActiveCfg = Release|Any CPU
		{083D4FD4-D96F-4474-98CB-9F5E0B70B6A6}.Release|Any CPU.Build.0 = Release|Any CPU
		{452EB53F-1CC6-4B80-9C11-5589ED763B25}.Debug|Any CPU.ActiveCfg = Debug|Any CPU
		{452EB53F-1CC6-4B80-9C11-5589ED763B25}.Debug|Any CPU.Build.0 = Debug|Any CPU
		{452EB53F-1CC6-4B80-9C11-5589ED763B25}.Release|Any CPU.ActiveCfg = Release|Any CPU
		{452EB53F-1CC6-4B80-9C11-5589ED763B25}.Release|Any CPU.Build.0 = Release|Any CPU
		{5745A13B-82D3-4D66-BD5C-1AC1A0C7DB37}.Debug|Any CPU.ActiveCfg = Debug|Any CPU
		{5745A13B-82D3-4D66-BD5C-1AC1A0C7DB37}.Debug|Any CPU.Build.0 = Debug|Any CPU
		{5745A13B-82D3-4D66-BD5C-1AC1A0C7DB37}.Release|Any CPU.ActiveCfg = Release|Any CPU
		{5745A13B-82D3-4D66-BD5C-1AC1A0C7DB37}.Release|Any CPU.Build.0 = Release|Any CPU
	EndGlobalSection
EndGlobal
